
Microsoft Visual Studio Solution File, Format Version 12.00
# Visual Studio Version 17
VisualStudioVersion = 17.10.35027.167
MinimumVisualStudioVersion = 10.0.40219.1
Project("{2150E333-8FDC-42A3-9474-1A3956D46DE8}") = "src", "src", "{320C8E61-3094-4EAD-A79D-63F570780665}"
EndProject
Project("{2150E333-8FDC-42A3-9474-1A3956D46DE8}") = "tests", "tests", "{9D3C51EE-95F3-4A0A-A403-AA3D70E81454}"
EndProject
Project("{FAE04EC0-301F-11D3-BF4B-00C04F79EFBC}") = "CashFlow.Api", "src\CashFlow.Api\CashFlow.Api.csproj", "{67F54D24-45B2-4180-B0AC-6C8977E3684F}"
EndProject
Project("{FAE04EC0-301F-11D3-BF4B-00C04F79EFBC}") = "CashFlow.Domain", "src\CashFlow.Domain\CashFlow.Domain.csproj", "{9864E264-0D72-4E7D-A3D7-46C4BE0A7997}"
EndProject
Project("{FAE04EC0-301F-11D3-BF4B-00C04F79EFBC}") = "CashFlow.Application", "src\CashFlow.Application\CashFlow.Application.csproj", "{8A7C4504-38BD-46C6-8554-8BAB403A28E5}"
EndProject
Project("{FAE04EC0-301F-11D3-BF4B-00C04F79EFBC}") = "CashFlow.Exception", "src\CashFlow.Exception\CashFlow.Exception.csproj", "{2566D7E8-1EAC-44A0-8219-31E7ACC80279}"
EndProject
Project("{FAE04EC0-301F-11D3-BF4B-00C04F79EFBC}") = "CashFlow.Communication", "src\CashFlow.Communication\CashFlow.Communication.csproj", "{49ECF3A6-2511-49A9-BCE7-6F31F6B74802}"
EndProject
Project("{FAE04EC0-301F-11D3-BF4B-00C04F79EFBC}") = "CashFlow.infrastructure", "src\CashFlow.infrastructure\CashFlow.infrastructure.csproj", "{96745CAD-9AB9-415E-AD7F-3E9972927CCE}"
EndProject
Global
	GlobalSection(SolutionConfigurationPlatforms) = preSolution
		Debug|Any CPU = Debug|Any CPU
		Release|Any CPU = Release|Any CPU
	EndGlobalSection
	GlobalSection(ProjectConfigurationPlatforms) = postSolution
		{67F54D24-45B2-4180-B0AC-6C8977E3684F}.Debug|Any CPU.ActiveCfg = Debug|Any CPU
		{67F54D24-45B2-4180-B0AC-6C8977E3684F}.Debug|Any CPU.Build.0 = Debug|Any CPU
		{67F54D24-45B2-4180-B0AC-6C8977E3684F}.Release|Any CPU.ActiveCfg = Release|Any CPU
		{67F54D24-45B2-4180-B0AC-6C8977E3684F}.Release|Any CPU.Build.0 = Release|Any CPU
		{9864E264-0D72-4E7D-A3D7-46C4BE0A7997}.Debug|Any CPU.ActiveCfg = Debug|Any CPU
		{9864E264-0D72-4E7D-A3D7-46C4BE0A7997}.Debug|Any CPU.Build.0 = Debug|Any CPU
		{9864E264-0D72-4E7D-A3D7-46C4BE0A7997}.Release|Any CPU.ActiveCfg = Release|Any CPU
		{9864E264-0D72-4E7D-A3D7-46C4BE0A7997}.Release|Any CPU.Build.0 = Release|Any CPU
		{8A7C4504-38BD-46C6-8554-8BAB403A28E5}.Debug|Any CPU.ActiveCfg = Debug|Any CPU
		{8A7C4504-38BD-46C6-8554-8BAB403A28E5}.Debug|Any CPU.Build.0 = Debug|Any CPU
		{8A7C4504-38BD-46C6-8554-8BAB403A28E5}.Release|Any CPU.ActiveCfg = Release|Any CPU
		{8A7C4504-38BD-46C6-8554-8BAB403A28E5}.Release|Any CPU.Build.0 = Release|Any CPU
		{2566D7E8-1EAC-44A0-8219-31E7ACC80279}.Debug|Any CPU.ActiveCfg = Debug|Any CPU
		{2566D7E8-1EAC-44A0-8219-31E7ACC80279}.Debug|Any CPU.Build.0 = Debug|Any CPU
		{2566D7E8-1EAC-44A0-8219-31E7ACC80279}.Release|Any CPU.ActiveCfg = Release|Any CPU
		{2566D7E8-1EAC-44A0-8219-31E7ACC80279}.Release|Any CPU.Build.0 = Release|Any CPU
		{49ECF3A6-2511-49A9-BCE7-6F31F6B74802}.Debug|Any CPU.ActiveCfg = Debug|Any CPU
		{49ECF3A6-2511-49A9-BCE7-6F31F6B74802}.Debug|Any CPU.Build.0 = Debug|Any CPU
		{49ECF3A6-2511-49A9-BCE7-6F31F6B74802}.Release|Any CPU.ActiveCfg = Release|Any CPU
		{49ECF3A6-2511-49A9-BCE7-6F31F6B74802}.Release|Any CPU.Build.0 = Release|Any CPU
		{96745CAD-9AB9-415E-AD7F-3E9972927CCE}.Debug|Any CPU.ActiveCfg = Debug|Any CPU
		{96745CAD-9AB9-415E-AD7F-3E9972927CCE}.Debug|Any CPU.Build.0 = Debug|Any CPU
		{96745CAD-9AB9-415E-AD7F-3E9972927CCE}.Release|Any CPU.ActiveCfg = Release|Any CPU
		{96745CAD-9AB9-415E-AD7F-3E9972927CCE}.Release|Any CPU.Build.0 = Release|Any CPU
	EndGlobalSection
	GlobalSection(SolutionProperties) = preSolution
		HideSolutionNode = FALSE
	EndGlobalSection
	GlobalSection(NestedProjects) = preSolution
		{67F54D24-45B2-4180-B0AC-6C8977E3684F} = {320C8E61-3094-4EAD-A79D-63F570780665}
		{9864E264-0D72-4E7D-A3D7-46C4BE0A7997} = {320C8E61-3094-4EAD-A79D-63F570780665}
		{8A7C4504-38BD-46C6-8554-8BAB403A28E5} = {320C8E61-3094-4EAD-A79D-63F570780665}
		{2566D7E8-1EAC-44A0-8219-31E7ACC80279} = {320C8E61-3094-4EAD-A79D-63F570780665}
		{49ECF3A6-2511-49A9-BCE7-6F31F6B74802} = {320C8E61-3094-4EAD-A79D-63F570780665}
		{96745CAD-9AB9-415E-AD7F-3E9972927CCE} = {320C8E61-3094-4EAD-A79D-63F570780665}
	EndGlobalSection
	GlobalSection(ExtensibilityGlobals) = postSolution
		SolutionGuid = {B637C325-0666-4859-A4F2-E2572E5798AF}
	EndGlobalSection
EndGlobal
